
Microsoft Visual Studio Solution File, Format Version 12.00
# Visual Studio Version 17
VisualStudioVersion = 17.4.33205.214
MinimumVisualStudioVersion = 10.0.40219.1
Project("{FAE04EC0-301F-11D3-BF4B-00C04F79EFBC}") = "WhatSprintItIsCalendar", "WhatSprintItIsCalendar\WhatSprintItIsCalendar.csproj", "{AE813B1C-C669-47F0-A5F6-143A07A5EAD3}"
EndProject
Global
	GlobalSection(SolutionConfigurationPlatforms) = preSolution
		Debug|Any CPU = Debug|Any CPU
		Release|Any CPU = Release|Any CPU
	EndGlobalSection
	GlobalSection(ProjectConfigurationPlatforms) = postSolution
		{AE813B1C-C669-47F0-A5F6-143A07A5EAD3}.Debug|Any CPU.ActiveCfg = Debug|Any CPU
		{AE813B1C-C669-47F0-A5F6-143A07A5EAD3}.Debug|Any CPU.Build.0 = Debug|Any CPU
		{AE813B1C-C669-47F0-A5F6-143A07A5EAD3}.Release|Any CPU.ActiveCfg = Release|Any CPU
		{AE813B1C-C669-47F0-A5F6-143A07A5EAD3}.Release|Any CPU.Build.0 = Release|Any CPU
	EndGlobalSection
	GlobalSection(SolutionProperties) = preSolution
		HideSolutionNode = FALSE
	EndGlobalSection
	GlobalSection(ExtensibilityGlobals) = postSolution
		SolutionGuid = {B5C4B4FC-D261-4F14-B79A-18567CF38245}
	EndGlobalSection
EndGlobal
